
Microsoft Visual Studio Solution File, Format Version 12.00
# Visual Studio 2012
Project("{FAE04EC0-301F-11D3-BF4B-00C04F79EFBC}") = "AppFom", "AppFom\AppFom.csproj", "{7094790A-A45C-412B-A166-18E611F5BA71}"
EndProject
Project("{FAE04EC0-301F-11D3-BF4B-00C04F79EFBC}") = "AppFom.iOS", "iOS\AppFom.iOS.csproj", "{0BBE9879-1C93-424F-B22C-ECD47C5774B7}"
EndProject
Project("{FAE04EC0-301F-11D3-BF4B-00C04F79EFBC}") = "AppFom.Droid", "Droid\AppFom.Droid.csproj", "{D1353185-44F3-4BF4-A0CD-3281D03EA476}"
EndProject
Global
	GlobalSection(SolutionConfigurationPlatforms) = preSolution
		Debug|Any CPU = Debug|Any CPU
		Release|Any CPU = Release|Any CPU
		Debug|iPhoneSimulator = Debug|iPhoneSimulator
		Release|iPhone = Release|iPhone
		Release|iPhoneSimulator = Release|iPhoneSimulator
		Debug|iPhone = Debug|iPhone
	EndGlobalSection
	GlobalSection(ProjectConfigurationPlatforms) = postSolution
		{7094790A-A45C-412B-A166-18E611F5BA71}.Debug|Any CPU.ActiveCfg = Debug|Any CPU
		{7094790A-A45C-412B-A166-18E611F5BA71}.Debug|Any CPU.Build.0 = Debug|Any CPU
		{7094790A-A45C-412B-A166-18E611F5BA71}.Release|Any CPU.ActiveCfg = Release|Any CPU
		{7094790A-A45C-412B-A166-18E611F5BA71}.Release|Any CPU.Build.0 = Release|Any CPU
		{7094790A-A45C-412B-A166-18E611F5BA71}.Debug|iPhoneSimulator.ActiveCfg = Debug|Any CPU
		{7094790A-A45C-412B-A166-18E611F5BA71}.Debug|iPhoneSimulator.Build.0 = Debug|Any CPU
		{7094790A-A45C-412B-A166-18E611F5BA71}.Release|iPhone.ActiveCfg = Release|Any CPU
		{7094790A-A45C-412B-A166-18E611F5BA71}.Release|iPhone.Build.0 = Release|Any CPU
		{7094790A-A45C-412B-A166-18E611F5BA71}.Release|iPhoneSimulator.ActiveCfg = Release|Any CPU
		{7094790A-A45C-412B-A166-18E611F5BA71}.Release|iPhoneSimulator.Build.0 = Release|Any CPU
		{7094790A-A45C-412B-A166-18E611F5BA71}.Debug|iPhone.ActiveCfg = Debug|Any CPU
		{7094790A-A45C-412B-A166-18E611F5BA71}.Debug|iPhone.Build.0 = Debug|Any CPU
		{0BBE9879-1C93-424F-B22C-ECD47C5774B7}.Debug|Any CPU.ActiveCfg = Debug|iPhoneSimulator
		{0BBE9879-1C93-424F-B22C-ECD47C5774B7}.Debug|Any CPU.Build.0 = Debug|iPhoneSimulator
		{0BBE9879-1C93-424F-B22C-ECD47C5774B7}.Release|Any CPU.ActiveCfg = Release|iPhone
		{0BBE9879-1C93-424F-B22C-ECD47C5774B7}.Release|Any CPU.Build.0 = Release|iPhone
		{0BBE9879-1C93-424F-B22C-ECD47C5774B7}.Debug|iPhoneSimulator.ActiveCfg = Debug|iPhoneSimulator
		{0BBE9879-1C93-424F-B22C-ECD47C5774B7}.Debug|iPhoneSimulator.Build.0 = Debug|iPhoneSimulator
		{0BBE9879-1C93-424F-B22C-ECD47C5774B7}.Release|iPhone.ActiveCfg = Release|iPhone
		{0BBE9879-1C93-424F-B22C-ECD47C5774B7}.Release|iPhone.Build.0 = Release|iPhone
		{0BBE9879-1C93-424F-B22C-ECD47C5774B7}.Release|iPhoneSimulator.ActiveCfg = Release|iPhoneSimulator
		{0BBE9879-1C93-424F-B22C-ECD47C5774B7}.Release|iPhoneSimulator.Build.0 = Release|iPhoneSimulator
		{0BBE9879-1C93-424F-B22C-ECD47C5774B7}.Debug|iPhone.ActiveCfg = Debug|iPhone
		{0BBE9879-1C93-424F-B22C-ECD47C5774B7}.Debug|iPhone.Build.0 = Debug|iPhone
		{D1353185-44F3-4BF4-A0CD-3281D03EA476}.Debug|Any CPU.ActiveCfg = Debug|Any CPU
		{D1353185-44F3-4BF4-A0CD-3281D03EA476}.Debug|Any CPU.Build.0 = Debug|Any CPU
		{D1353185-44F3-4BF4-A0CD-3281D03EA476}.Release|Any CPU.ActiveCfg = Release|Any CPU
		{D1353185-44F3-4BF4-A0CD-3281D03EA476}.Release|Any CPU.Build.0 = Release|Any CPU
		{D1353185-44F3-4BF4-A0CD-3281D03EA476}.Debug|iPhoneSimulator.ActiveCfg = Debug|Any CPU
		{D1353185-44F3-4BF4-A0CD-3281D03EA476}.Debug|iPhoneSimulator.Build.0 = Debug|Any CPU
		{D1353185-44F3-4BF4-A0CD-3281D03EA476}.Release|iPhone.ActiveCfg = Release|Any CPU
		{D1353185-44F3-4BF4-A0CD-3281D03EA476}.Release|iPhone.Build.0 = Release|Any CPU
		{D1353185-44F3-4BF4-A0CD-3281D03EA476}.Release|iPhoneSimulator.ActiveCfg = Release|Any CPU
		{D1353185-44F3-4BF4-A0CD-3281D03EA476}.Release|iPhoneSimulator.Build.0 = Release|Any CPU
		{D1353185-44F3-4BF4-A0CD-3281D03EA476}.Debug|iPhone.ActiveCfg = Debug|Any CPU
		{D1353185-44F3-4BF4-A0CD-3281D03EA476}.Debug|iPhone.Build.0 = Debug|Any CPU
	EndGlobalSection
EndGlobal
